id: pyais_toolkit_filter_bounding_box
label: Bounding Box Filter
category: '[pyais_toolkit]/Message Filters'

templates:
  imports: from gnuradio import pyais_toolkit
  make: pyais_toolkit.filter_bounding_box(${lat_min}, ${lat_max}, ${lon_min}, ${lon_max})

#  Make one 'parameters' list entry for every parameter you want settable from the GUI.
#     Keys include:
#     * id (makes the value accessible as keyname, e.g. in the make entry)
#     * label (label shown in the GUI)
#     * dtype (e.g. int, float, complex, byte, short, xxx_vector, ...)
#     * default
parameters:
- id: lat_min
  label: Min Lat
  dtype: float
  default: 0.0
- id: lat_max
  label: Max Lat
  dtype: float
  default: 0.0
- id: lon_min
  label: Min Lon
  dtype: float
  default: 0.0
- id: lon_max
  label: Max Lon
  dtype: float
  default: 0.0

inputs:
- label: nmea_list
  domain: message
  dtype: message
  optional: true
- label: set_params
  domain: message
  dtype: message
  optional: true

outputs:
- label: nmea_list
  domain: message
  dtype: message
  optional: true

asserts:
  - ${ lat_min < lat_max }
  - ${ lon_min < lon_max }

#  'file_format' specifies the version of the GRC yml format used in the file
#  and should usually not be changed.
file_format: 1
