id: pyais_toolkit_pyais_tcp_connection_stream
label: pyais TCP Connection Stream
category: '[pyais_toolkit]/Utilities'

templates:
  imports: from gnuradio import pyais_toolkit
  make: pyais_toolkit.pyais_tcp_connection_stream(${ip}, ${port})

#  Make one 'parameters' list entry for every parameter you want settable from the GUI.
#     Keys include:
#     * id (makes the value accessible as keyname, e.g. in the make entry)
#     * label (label shown in the GUI)
#     * dtype (e.g. int, float, complex, byte, short, xxx_vector, ...)
#     * default
parameters:
- id: ip
  label: IP
  dtype: string
  default: 'localhost'
- id: port
  label: Port
  dtype: int
  default: 5631

outputs:
- label: nmea_list
  domain: message
  dtype: message
  optional: true

#  'file_format' specifies the version of the GRC yml format used in the file
#  and should usually not be changed.
file_format: 1
